
Microsoft Visual Studio Solution File, Format Version 12.00
# Visual Studio Version 16
VisualStudioVersion = 16.0.30428.66
MinimumVisualStudioVersion = 10.0.40219.1
Project("{FAE04EC0-301F-11D3-BF4B-00C04F79EFBC}") = "Ini", "Ini\Ini.csproj", "{C123518A-8C70-4EEC-BCDD-3C0F1583A0F8}"
EndProject
Global
	GlobalSection(SolutionConfigurationPlatforms) = preSolution
		Debug|Any CPU = Debug|Any CPU
		Release|Any CPU = Release|Any CPU
	EndGlobalSection
	GlobalSection(ProjectConfigurationPlatforms) = postSolution
		{C123518A-8C70-4EEC-BCDD-3C0F1583A0F8}.Debug|Any CPU.ActiveCfg = Debug|Any CPU
		{C123518A-8C70-4EEC-BCDD-3C0F1583A0F8}.Debug|Any CPU.Build.0 = Debug|Any CPU
		{C123518A-8C70-4EEC-BCDD-3C0F1583A0F8}.Release|Any CPU.ActiveCfg = Release|Any CPU
		{C123518A-8C70-4EEC-BCDD-3C0F1583A0F8}.Release|Any CPU.Build.0 = Release|Any CPU
	EndGlobalSection
	GlobalSection(SolutionProperties) = preSolution
		HideSolutionNode = FALSE
	EndGlobalSection
	GlobalSection(ExtensibilityGlobals) = postSolution
		SolutionGuid = {17CD0919-D6E5-4D53-AC05-0A0E884EEAAD}
	EndGlobalSection
EndGlobal
